
Microsoft Visual Studio Solution File, Format Version 12.00
# Visual Studio Version 17
VisualStudioVersion = 17.1.32319.34
MinimumVisualStudioVersion = 10.0.40219.1
Project("{FAE04EC0-301F-11D3-BF4B-00C04F79EFBC}") = "MetaHacks", "MetaHacks\MetaHacks.csproj", "{51D0BA5A-F000-4B4A-92EE-5ACE2C0CB9CE}"
EndProject
Global
	GlobalSection(SolutionConfigurationPlatforms) = preSolution
		Debug|Any CPU = Debug|Any CPU
		Release|Any CPU = Release|Any CPU
	EndGlobalSection
	GlobalSection(ProjectConfigurationPlatforms) = postSolution
		{51D0BA5A-F000-4B4A-92EE-5ACE2C0CB9CE}.Debug|Any CPU.ActiveCfg = Debug|Any CPU
		{51D0BA5A-F000-4B4A-92EE-5ACE2C0CB9CE}.Debug|Any CPU.Build.0 = Debug|Any CPU
		{51D0BA5A-F000-4B4A-92EE-5ACE2C0CB9CE}.Release|Any CPU.ActiveCfg = Release|Any CPU
		{51D0BA5A-F000-4B4A-92EE-5ACE2C0CB9CE}.Release|Any CPU.Build.0 = Release|Any CPU
	EndGlobalSection
	GlobalSection(SolutionProperties) = preSolution
		HideSolutionNode = FALSE
	EndGlobalSection
	GlobalSection(ExtensibilityGlobals) = postSolution
		SolutionGuid = {55BC344C-DF52-4B92-96D5-9781A3A45319}
	EndGlobalSection
EndGlobal
